// !$*UTF8*$!
{
	archiveVersion = 1;
	classes = {
	};
	objectVersion = 50;
	objects = {

/* Begin PBXBuildFile section */
		C8F3B61421CECCE900BE7A0E /* AppDelegate.swift in Sources */ = {isa = PBXBuildFile; fileRef = C8F3B61321CECCE900BE7A0E /* AppDelegate.swift */; };
		C8F3B61621CECCE900BE7A0E /* ViewController.swift in Sources */ = {isa = PBXBuildFile; fileRef = C8F3B61521CECCE900BE7A0E /* ViewController.swift */; };
		C8F3B61921CECCE900BE7A0E /* Main.storyboard in Resources */ = {isa = PBXBuildFile; fileRef = C8F3B61721CECCE900BE7A0E /* Main.storyboard */; };
		C8F3B61B21CECCEB00BE7A0E /* Assets.xcassets in Resources */ = {isa = PBXBuildFile; fileRef = C8F3B61A21CECCEB00BE7A0E /* Assets.xcassets */; };
		C8F3B61E21CECCEB00BE7A0E /* LaunchScreen.storyboard in Resources */ = {isa = PBXBuildFile; fileRef = C8F3B61C21CECCEB00BE7A0E /* LaunchScreen.storyboard */; };
/* End PBXBuildFile section */

/* Begin PBXFileReference section */
		C8F3B61021CECCE900BE7A0E /* BareBonesCamera.app */ = {isa = PBXFileReference; explicitFileType = wrapper.application; includeInIndex = 0; path = BareBonesCamera.app; sourceTree = BUILT_PRODUCTS_DIR; };
		C8F3B61321CECCE900BE7A0E /* AppDelegate.swift */ = {isa = PBXFileReference; lastKnownFileType = sourcecode.swift; path = AppDelegate.swift; sourceTree = "<group>"; };
		C8F3B61521CECCE900BE7A0E /* ViewController.swift */ = {isa = PBXFileReference; lastKnownFileType = sourcecode.swift; path = ViewController.swift; sourceTree = "<group>"; };
		C8F3B61821CECCE900BE7A0E /* Base */ = {isa = PBXFileReference; lastKnownFileType = file.storyboard; name = Base; path = Base.lproj/Main.storyboard; sourceTree = "<group>"; };
		C8F3B61A21CECCEB00BE7A0E /* Assets.xcassets */ = {isa = PBXFileReference; lastKnownFileType = folder.assetcatalog; path = Assets.xcassets; sourceTree = "<group>"; };
		C8F3B61D21CECCEB00BE7A0E /* Base */ = {isa = PBXFileReference; lastKnownFileType = file.storyboard; name = Base; path = Base.lproj/LaunchScreen.storyboard; sourceTree = "<group>"; };
		C8F3B61F21CECCEB00BE7A0E /* Info.plist */ = {isa = PBXFileReference; lastKnownFileType = text.plist.xml; path = Info.plist; sourceTree = "<group>"; };
/* End PBXFileReference section */

/* Begin PBXFrameworksBuildPhase section */
		C8F3B60D21CECCE900BE7A0E /* Frameworks */ = {
			isa = PBXFrameworksBuildPhase;
			buildActionMask = 2147483647;
			files = (
			);
			runOnlyForDeploymentPostprocessing = 0;
		};
/* End PBXFrameworksBuildPhase section */

/* Begin PBXGroup section */
		C8F3B60721CECCE900BE7A0E = {
			isa = PBXGroup;
			children = (
				C8F3B61221CECCE900BE7A0E /* BareBonesCamera */,
				C8F3B61121CECCE900BE7A0E /* Products */,
			);
			sourceTree = "<group>";
		};
		C8F3B61121CECCE900BE7A0E /* Products */ = {
			isa = PBXGroup;
			children = (
				C8F3B61021CECCE900BE7A0E /* BareBonesCamera.app */,
			);
			name = Products;
			sourceTree = "<group>";
		};
		C8F3B61221CECCE900BE7A0E /* BareBonesCamera */ = {
			isa = PBXGroup;
			children = (
				C8F3B61321CECCE900BE7A0E /* AppDelegate.swift */,
				C8F3B61521CECCE900BE7A0E /* ViewController.swift */,
				C8F3B61721CECCE900BE7A0E /* Main.storyboard */,
				C8F3B61A21CECCEB00BE7A0E /* Assets.xcassets */,
				C8F3B61C21CECCEB00BE7A0E /* LaunchScreen.storyboard */,
				C8F3B61F21CECCEB00BE7A0E /* Info.plist */,
			);
			path = BareBonesCamera;
			sourceTree = "<group>";
		};
/* End PBXGroup section */

/* Begin PBXNativeTarget section */
		C8F3B60F21CECCE900BE7A0E /* BareBonesCamera */ = {
			isa = PBXNativeTarget;
			buildConfigurationList = C8F3B62221CECCEB00BE7A0E /* Build configuration list for PBXNativeTarget "BareBonesCamera" */;
			buildPhases = (
				C8F3B60C21CECCE900BE7A0E /* Sources */,
				C8F3B60D21CECCE900BE7A0E /* Frameworks */,
				C8F3B60E21CECCE900BE7A0E /* Resources */,
			);
			buildRules = (
			);
			dependencies = (
			);
			name = BareBonesCamera;
			productName = BareBonesCamera;
			productReference = C8F3B61021CECCE900BE7A0E /* BareBonesCamera.app */;
			productType = "com.apple.product-type.application";
		};
/* End PBXNativeTarget section */

/* Begin PBXProject section */
		C8F3B60821CECCE900BE7A0E /* Project object */ = {
			isa = PBXProject;
			attributes = {
				LastSwiftUpdateCheck = 1000;
				LastUpgradeCheck = 1000;
				ORGANIZATIONNAME = Neef.co;
				TargetAttributes = {
					C8F3B60F21CECCE900BE7A0E = {
						CreatedOnToolsVersion = 10.0;
					};
				};
			};
			buildConfigurationList = C8F3B60B21CECCE900BE7A0E /* Build configuration list for PBXProject "BareBonesCamera" */;
			compatibilityVersion = "Xcode 9.3";
			developmentRegion = en;
			hasScannedForEncodings = 0;
			knownRegions = (
				en,
				Base,
			);
			mainGroup = C8F3B60721CECCE900BE7A0E;
			productRefGroup = C8F3B61121CECCE900BE7A0E /* Products */;
			projectDirPath = "";
			projectRoot = "";
			targets = (
				C8F3B60F21CECCE900BE7A0E /* BareBonesCamera */,
			);
		};
/* End PBXProject section */

/* Begin PBXResourcesBuildPhase section */
		C8F3B60E21CECCE900BE7A0E /* Resources */ = {
			isa = PBXResourcesBuildPhase;
			buildActionMask = 2147483647;
			files = (
				C8F3B61E21CECCEB00BE7A0E /* LaunchScreen.storyboard in Resources */,
				C8F3B61B21CECCEB00BE7A0E /* Assets.xcassets in Resources */,
				C8F3B61921CECCE900BE7A0E /* Main.storyboard in Resources */,
			);
			runOnlyForDeploymentPostprocessing = 0;
		};
/* End PBXResourcesBuildPhase section */

/* Begin PBXSourcesBuildPhase section */
		C8F3B60C21CECCE900BE7A0E /* Sources */ = {
			isa = PBXSourcesBuildPhase;
			buildActionMask = 2147483647;
			files = (
				C8F3B61621CECCE900BE7A0E /* ViewController.swift in Sources */,
				C8F3B61421CECCE900BE7A0E /* AppDelegate.swift in Sources */,
			);
			runOnlyForDeploymentPostprocessing = 0;
		};
/* End PBXSourcesBuildPhase section */

/* Begin PBXVariantGroup section */
		C8F3B61721CECCE900BE7A0E /* Main.storyboard */ = {
			isa = PBXVariantGroup;
			children = (
				C8F3B61821CECCE900BE7A0E /* Base */,
			);
			name = Main.storyboard;
			sourceTree = "<group>";
		};
		C8F3B61C21CECCEB00BE7A0E /* LaunchScreen.storyboard */ = {
			isa = PBXVariantGroup;
			children = (
				C8F3B61D21CECCEB00BE7A0E /* Base */,
			);
			name = LaunchScreen.storyboard;
			sourceTree = "<group>";
		};
/* End PBXVariantGroup section */

/* Begin XCBuildConfiguration section */
		C8F3B62021CECCEB00BE7A0E /* Debug */ = {
			isa = XCBuildConfiguration;
			buildSettings = {
				ALWAYS_SEARCH_USER_PATHS = NO;
				CLANG_ANALYZER_NONNULL = YES;
				CLANG_ANALYZER_NUMBER_OBJECT_CONVERSION = YES_AGGRESSIVE;
				CLANG_CXX_LANGUAGE_STANDARD = "gnu++14";
				CLANG_CXX_LIBRARY = "libc++";
				CLANG_ENABLE_MODULES = YES;
				CLANG_ENABLE_OBJC_ARC = YES;
				CLANG_ENABLE_OBJC_WEAK = YES;
				CLANG_WARN_BLOCK_CAPTURE_AUTORELEASING = YES;
				CLANG_WARN_BOOL_CONVERSION = YES;
				CLANG_WARN_COMMA = YES;
				CLANG_WARN_CONSTANT_CONVERSION = YES;
				CLANG_WARN_DEPRECATED_OBJC_IMPLEMENTATIONS = YES;
				CLANG_WARN_DIRECT_OBJC_ISA_USAGE = YES_ERROR;
				CLANG_WARN_DOCUMENTATION_COMMENTS = YES;
				CLANG_WARN_EMPTY_BODY = YES;
				CLANG_WARN_ENUM_CONVERSION = YES;
				CLANG_WARN_INFINITE_RECURSION = YES;
				CLANG_WARN_INT_CONVERSION = YES;
				CLANG_WARN_NON_LITERAL_NULL_CONVERSION = YES;
				CLANG_WARN_OBJC_IMPLICIT_RETAIN_SELF = YES;
				CLANG_WARN_OBJC_LITERAL_CONVERSION = YES;
				CLANG_WARN_OBJC_ROOT_CLASS = YES_ERROR;
				CLANG_WARN_RANGE_LOOP_ANALYSIS = YES;
				CLANG_WARN_STRICT_PROTOTYPES = YES;
				CLANG_WARN_SUSPICIOUS_MOVE = YES;
				CLANG_WARN_UNGUARDED_AVAILABILITY = YES_AGGRESSIVE;
				CLANG_WARN_UNREACHABLE_CODE = YES;
				CLANG_WARN__DUPLICATE_METHOD_MATCH = YES;
				CODE_SIGN_IDENTITY = "iPhone Developer";
				COPY_PHASE_STRIP = NO;
				DEBUG_INFORMATION_FORMAT = dwarf;
				ENABLE_STRICT_OBJC_MSGSEND = YES;
				ENABLE_TESTABILITY = YES;
				GCC_C_LANGUAGE_STANDARD = gnu11;
				GCC_DYNAMIC_NO_PIC = NO;
				GCC_NO_COMMON_BLOCKS = YES;
				GCC_OPTIMIZATION_LEVEL = 0;
				GCC_PREPROCESSOR_DEFINITIONS = (
					"DEBUG=1",
					"$(inherited)",
				);
				GCC_WARN_64_TO_32_BIT_CONVERSION = YES;
				GCC_WARN_ABOUT_RETURN_TYPE = YES_ERROR;
				GCC_WARN_UNDECLARED_SELECTOR = YES;
				GCC_WARN_UNINITIALIZED_AUTOS = YES_AGGRESSIVE;
				GCC_WARN_UNUSED_FUNCTION = YES;
				GCC_WARN_UNUSED_VARIABLE = YES;
				IPHONEOS_DEPLOYMENT_TARGET = 12.0;
				MTL_ENABLE_DEBUG_INFO = INCLUDE_SOURCE;
				MTL_FAST_MATH = YES;
				ONLY_ACTIVE_ARCH = YES;
				SDKROOT = iphoneos;
				SWIFT_ACTIVE_COMPILATION_CONDITIONS = DEBUG;
				SWIFT_OPTIMIZATION_LEVEL = "-Onone";
			};
			name = Debug;
		};
		C8F3B62121CECCEB00BE7A0E /* Release */ = {
			isa = XCBuildConfiguration;
			buildSettings = {
				ALWAYS_SEARCH_USER_PATHS = NO;
				CLANG_ANALYZER_NONNULL = YES;
				CLANG_ANALYZER_NUMBER_OBJECT_CONVERSION = YES_AGGRESSIVE;
				CLANG_CXX_LANGUAGE_STANDARD = "gnu++14";
				CLANG_CXX_LIBRARY = "libc++";
				CLANG_ENABLE_MODULES = YES;
				CLANG_ENABLE_OBJC_ARC = YES;
				CLANG_ENABLE_OBJC_WEAK = YES;
				CLANG_WARN_BLOCK_CAPTURE_AUTORELEASING = YES;
				CLANG_WARN_BOOL_CONVERSION = YES;
				CLANG_WARN_COMMA = YES;
				CLANG_WARN_CONSTANT_CONVERSION = YES;
				CLANG_WARN_DEPRECATED_OBJC_IMPLEMENTATIONS = YES;
				CLANG_WARN_DIRECT_OBJC_ISA_USAGE = YES_ERROR;
				CLANG_WARN_DOCUMENTATION_COMMENTS = YES;
				CLANG_WARN_EMPTY_BODY = YES;
				CLANG_WARN_ENUM_CONVERSION = YES;
				CLANG_WARN_INFINITE_RECURSION = YES;
				CLANG_WARN_INT_CONVERSION = YES;
				CLANG_WARN_NON_LITERAL_NULL_CONVERSION = YES;
				CLANG_WARN_OBJC_IMPLICIT_RETAIN_SELF = YES;
				CLANG_WARN_OBJC_LITERAL_CONVERSION = YES;
				CLANG_WARN_OBJC_ROOT_CLASS = YES_ERROR;
				CLANG_WARN_RANGE_LOOP_ANALYSIS = YES;
				CLANG_WARN_STRICT_PROTOTYPES = YES;
				CLANG_WARN_SUSPICIOUS_MOVE = YES;
				CLANG_WARN_UNGUARDED_AVAILABILITY = YES_AGGRESSIVE;
				CLANG_WARN_UNREACHABLE_CODE = YES;
				CLANG_WARN__DUPLICATE_METHOD_MATCH = YES;
				CODE_SIGN_IDENTITY = "iPhone Developer";
				COPY_PHASE_STRIP = NO;
				DEBUG_INFORMATION_FORMAT = "dwarf-with-dsym";
				ENABLE_NS_ASSERTIONS = NO;
				ENABLE_STRICT_OBJC_MSGSEND = YES;
				GCC_C_LANGUAGE_STANDARD = gnu11;
				GCC_NO_COMMON_BLOCKS = YES;
				GCC_WARN_64_TO_32_BIT_CONVERSION = YES;
				GCC_WARN_ABOUT_RETURN_TYPE = YES_ERROR;
				GCC_WARN_UNDECLARED_SELECTOR = YES;
				GCC_WARN_UNINITIALIZED_AUTOS = YES_AGGRESSIVE;
				GCC_WARN_UNUSED_FUNCTION = YES;
				GCC_WARN_UNUSED_VARIABLE = YES;
				IPHONEOS_DEPLOYMENT_TARGET = 12.0;
				MTL_ENABLE_DEBUG_INFO = NO;
				MTL_FAST_MATH = YES;
				SDKROOT = iphoneos;
				SWIFT_COMPILATION_MODE = wholemodule;
				SWIFT_OPTIMIZATION_LEVEL = "-O";
				VALIDATE_PRODUCT = YES;
			};
			name = Release;
		};
		C8F3B62321CECCEB00BE7A0E /* Debug */ = {
			isa = XCBuildConfiguration;
			buildSettings = {
				ASSETCATALOG_COMPILER_APPICON_NAME = AppIcon;
				CODE_SIGN_STYLE = Automatic;
				DEVELOPMENT_TEAM = D42D4S8LQX;
				INFOPLIST_FILE = BareBonesCamera/Info.plist;
				IPHONEOS_DEPLOYMENT_TARGET = 11.0;
				LD_RUNPATH_SEARCH_PATHS = (
					"$(inherited)",
					"@executable_path/Frameworks",
				);
				PRODUCT_BUNDLE_IDENTIFIER = co.neef.ios.BareBonesCamera;
				PRODUCT_NAME = "$(TARGET_NAME)";
				SWIFT_VERSION = 4.2;
				TARGETED_DEVICE_FAMILY = "1,2";
			};
			name = Debug;
		};
		C8F3B62421CECCEB00BE7A0E /* Release */ = {
			isa = XCBuildConfiguration;
			buildSettings = {
				ASSETCATALOG_COMPILER_APPICON_NAME = AppIcon;
				CODE_SIGN_STYLE = Automatic;
				DEVELOPMENT_TEAM = D42D4S8LQX;
				INFOPLIST_FILE = BareBonesCamera/Info.plist;
				IPHONEOS_DEPLOYMENT_TARGET = 11.0;
				LD_RUNPATH_SEARCH_PATHS = (
					"$(inherited)",
					"@executable_path/Frameworks",
				);
				PRODUCT_BUNDLE_IDENTIFIER = co.neef.ios.BareBonesCamera;
				PRODUCT_NAME = "$(TARGET_NAME)";
				SWIFT_VERSION = 4.2;
				TARGETED_DEVICE_FAMILY = "1,2";
			};
			name = Release;
		};
/* End XCBuildConfiguration section */

/* Begin XCConfigurationList section */
		C8F3B60B21CECCE900BE7A0E /* Build configuration list for PBXProject "BareBonesCamera" */ = {
			isa = XCConfigurationList;
			buildConfigurations = (
				C8F3B62021CECCEB00BE7A0E /* Debug */,
				C8F3B62121CECCEB00BE7A0E /* Release */,
			);
			defaultConfigurationIsVisible = 0;
			defaultConfigurationName = Release;
		};
		C8F3B62221CECCEB00BE7A0E /* Build configuration list for PBXNativeTarget "BareBonesCamera" */ = {
			isa = XCConfigurationList;
			buildConfigurations = (
				C8F3B62321CECCEB00BE7A0E /* Debug */,
				C8F3B62421CECCEB00BE7A0E /* Release */,
			);
			defaultConfigurationIsVisible = 0;
			defaultConfigurationName = Release;
		};
/* End XCConfigurationList section */
	};
	rootObject = C8F3B60821CECCE900BE7A0E /* Project object */;
}
